
Microsoft Visual Studio Solution File, Format Version 12.00
# Visual Studio Version 16
VisualStudioVersion = 16.0.31605.320
MinimumVisualStudioVersion = 10.0.40219.1
Project("{FAE04EC0-301F-11D3-BF4B-00C04F79EFBC}") = "Matrix", "Matrix\Matrix.csproj", "{5486BADE-D2E9-4A3F-ABBC-2A2711A33046}"
EndProject
Global
	GlobalSection(SolutionConfigurationPlatforms) = preSolution
		Debug|Any CPU = Debug|Any CPU
		Release|Any CPU = Release|Any CPU
	EndGlobalSection
	GlobalSection(ProjectConfigurationPlatforms) = postSolution
		{5486BADE-D2E9-4A3F-ABBC-2A2711A33046}.Debug|Any CPU.ActiveCfg = Debug|Any CPU
		{5486BADE-D2E9-4A3F-ABBC-2A2711A33046}.Debug|Any CPU.Build.0 = Debug|Any CPU
		{5486BADE-D2E9-4A3F-ABBC-2A2711A33046}.Release|Any CPU.ActiveCfg = Release|Any CPU
		{5486BADE-D2E9-4A3F-ABBC-2A2711A33046}.Release|Any CPU.Build.0 = Release|Any CPU
	EndGlobalSection
	GlobalSection(SolutionProperties) = preSolution
		HideSolutionNode = FALSE
	EndGlobalSection
	GlobalSection(ExtensibilityGlobals) = postSolution
		SolutionGuid = {F6ECC363-3448-4BF8-8FAA-83B3F5C374EF}
	EndGlobalSection
EndGlobal
